
Microsoft Visual Studio Solution File, Format Version 12.00
# Visual Studio 2013
VisualStudioVersion = 12.0.40629.0
MinimumVisualStudioVersion = 10.0.40219.1
Project("{8BC9CEB8-8B4A-11D0-8D11-00A0C91BC942}") = "lib", "lib\lib.vcxproj", "{4B450FE1-06E5-4F75-AE72-DDAE6C0E0B00}"
EndProject
Project("{2150E333-8FDC-42A3-9474-1A3956D46DE8}") = "tests", "tests", "{8200C2E5-2D01-4662-A9CB-954C3712FBD0}"
EndProject
Project("{8BC9CEB8-8B4A-11D0-8D11-00A0C91BC942}") = "test_sha256", "tests\test_sha256.vcxproj", "{868BC6C3-5B7D-49CA-8811-3A944FCE6817}"
EndProject
Project("{8BC9CEB8-8B4A-11D0-8D11-00A0C91BC942}") = "test_aes", "tests\test_aes.vcxproj", "{9391028E-93B4-4900-8078-92D69C6ADD11}"
EndProject
Project("{8BC9CEB8-8B4A-11D0-8D11-00A0C91BC942}") = "test_hmac", "tests\test_hmac.vcxproj", "{3378118D-8575-4B6D-8CD9-F806ADDF4177}"
EndProject
Project("{8BC9CEB8-8B4A-11D0-8D11-00A0C91BC942}") = "test_hmac_prng", "tests\test_hmac_prng.vcxproj", "{A8192332-67C9-46CA-8045-E5FB237224C2}"
EndProject
Project("{8BC9CEB8-8B4A-11D0-8D11-00A0C91BC942}") = "test_cbc_mode", "tests\test_cbc_mode.vcxproj", "{F77BE583-EEE0-4FD6-8B83-C52F97ABCEA7}"
EndProject
Project("{8BC9CEB8-8B4A-11D0-8D11-00A0C91BC942}") = "test_ccm_mode", "tests\test_ccm_mode.vcxproj", "{D5875B56-B77E-4F30-8CA1-4CD208804480}"
EndProject
Global
	GlobalSection(SolutionConfigurationPlatforms) = preSolution
		Debug|Win32 = Debug|Win32
		Release|Win32 = Release|Win32
	EndGlobalSection
	GlobalSection(ProjectConfigurationPlatforms) = postSolution
		{4B450FE1-06E5-4F75-AE72-DDAE6C0E0B00}.Debug|Win32.ActiveCfg = Debug|Win32
		{4B450FE1-06E5-4F75-AE72-DDAE6C0E0B00}.Debug|Win32.Build.0 = Debug|Win32
		{4B450FE1-06E5-4F75-AE72-DDAE6C0E0B00}.Release|Win32.ActiveCfg = Release|Win32
		{4B450FE1-06E5-4F75-AE72-DDAE6C0E0B00}.Release|Win32.Build.0 = Release|Win32
		{868BC6C3-5B7D-49CA-8811-3A944FCE6817}.Debug|Win32.ActiveCfg = Debug|Win32
		{868BC6C3-5B7D-49CA-8811-3A944FCE6817}.Debug|Win32.Build.0 = Debug|Win32
		{868BC6C3-5B7D-49CA-8811-3A944FCE6817}.Release|Win32.ActiveCfg = Release|Win32
		{868BC6C3-5B7D-49CA-8811-3A944FCE6817}.Release|Win32.Build.0 = Release|Win32
		{9391028E-93B4-4900-8078-92D69C6ADD11}.Debug|Win32.ActiveCfg = Debug|Win32
		{9391028E-93B4-4900-8078-92D69C6ADD11}.Debug|Win32.Build.0 = Debug|Win32
		{9391028E-93B4-4900-8078-92D69C6ADD11}.Release|Win32.ActiveCfg = Release|Win32
		{9391028E-93B4-4900-8078-92D69C6ADD11}.Release|Win32.Build.0 = Release|Win32
		{3378118D-8575-4B6D-8CD9-F806ADDF4177}.Debug|Win32.ActiveCfg = Debug|Win32
		{3378118D-8575-4B6D-8CD9-F806ADDF4177}.Debug|Win32.Build.0 = Debug|Win32
		{3378118D-8575-4B6D-8CD9-F806ADDF4177}.Release|Win32.ActiveCfg = Release|Win32
		{3378118D-8575-4B6D-8CD9-F806ADDF4177}.Release|Win32.Build.0 = Release|Win32
		{A8192332-67C9-46CA-8045-E5FB237224C2}.Debug|Win32.ActiveCfg = Debug|Win32
		{A8192332-67C9-46CA-8045-E5FB237224C2}.Debug|Win32.Build.0 = Debug|Win32
		{A8192332-67C9-46CA-8045-E5FB237224C2}.Release|Win32.ActiveCfg = Release|Win32
		{A8192332-67C9-46CA-8045-E5FB237224C2}.Release|Win32.Build.0 = Release|Win32
		{F77BE583-EEE0-4FD6-8B83-C52F97ABCEA7}.Debug|Win32.ActiveCfg = Debug|Win32
		{F77BE583-EEE0-4FD6-8B83-C52F97ABCEA7}.Debug|Win32.Build.0 = Debug|Win32
		{F77BE583-EEE0-4FD6-8B83-C52F97ABCEA7}.Release|Win32.ActiveCfg = Release|Win32
		{F77BE583-EEE0-4FD6-8B83-C52F97ABCEA7}.Release|Win32.Build.0 = Release|Win32
		{D5875B56-B77E-4F30-8CA1-4CD208804480}.Debug|Win32.ActiveCfg = Debug|Win32
		{D5875B56-B77E-4F30-8CA1-4CD208804480}.Debug|Win32.Build.0 = Debug|Win32
		{D5875B56-B77E-4F30-8CA1-4CD208804480}.Release|Win32.ActiveCfg = Release|Win32
		{D5875B56-B77E-4F30-8CA1-4CD208804480}.Release|Win32.Build.0 = Release|Win32
	EndGlobalSection
	GlobalSection(SolutionProperties) = preSolution
		HideSolutionNode = FALSE
	EndGlobalSection
	GlobalSection(NestedProjects) = preSolution
		{868BC6C3-5B7D-49CA-8811-3A944FCE6817} = {8200C2E5-2D01-4662-A9CB-954C3712FBD0}
		{9391028E-93B4-4900-8078-92D69C6ADD11} = {8200C2E5-2D01-4662-A9CB-954C3712FBD0}
		{3378118D-8575-4B6D-8CD9-F806ADDF4177} = {8200C2E5-2D01-4662-A9CB-954C3712FBD0}
		{A8192332-67C9-46CA-8045-E5FB237224C2} = {8200C2E5-2D01-4662-A9CB-954C3712FBD0}
		{F77BE583-EEE0-4FD6-8B83-C52F97ABCEA7} = {8200C2E5-2D01-4662-A9CB-954C3712FBD0}
		{D5875B56-B77E-4F30-8CA1-4CD208804480} = {8200C2E5-2D01-4662-A9CB-954C3712FBD0}
	EndGlobalSection
EndGlobal
