<?xml version="1.0" encoding="utf-8"?>
<Project ToolsVersion="4.0" xmlns="http://schemas.microsoft.com/developer/msbuild/2003">
  <ItemGroup>
    <Filter Include="Source Files">
      <UniqueIdentifier>{4FC737F1-C7A5-4376-A066-2A32D752A2FF}</UniqueIdentifier>
      <Extensions>cpp;c;cc;cxx;def;odl;idl;hpj;bat;asm;asmx</Extensions>
    </Filter>
    <Filter Include="Header Files">
      <UniqueIdentifier>{93995380-89BD-4b04-88EB-625FBE52EBFB}</UniqueIdentifier>
      <Extensions>h;hh;hpp;hxx;hm;inl;inc;xsd</Extensions>
    </Filter>
  </ItemGroup>
  <ItemGroup>
    <ClInclude Include="include\tinycrypt\constants.h">
      <Filter>Header Files</Filter>
    </ClInclude>
    <ClInclude Include="include\tinycrypt\utils.h">
      <Filter>Header Files</Filter>
    </ClInclude>
    <ClInclude Include="include\tinycrypt\sha256.h">
      <Filter>Header Files</Filter>
    </ClInclude>
    <ClInclude Include="include\tinycrypt\aes.h">
      <Filter>Header Files</Filter>
    </ClInclude>
    <ClInclude Include="include\tinycrypt\hmac.h">
      <Filter>Header Files</Filter>
    </ClInclude>
    <ClInclude Include="include\tinycrypt\hmac_prng.h">
      <Filter>Header Files</Filter>
    </ClInclude>
    <ClInclude Include="include\tinycrypt\cbc_mode.h">
      <Filter>Header Files</Filter>
    </ClInclude>
    <ClInclude Include="include\tinycrypt\ccm_mode.h">
      <Filter>Header Files</Filter>
    </ClInclude>
    <ClInclude Include="include\tinycrypt\cmac_mode.h">
      <Filter>Header Files</Filter>
    </ClInclude>
    <ClInclude Include="include\tinycrypt\ctr_mode.h">
      <Filter>Header Files</Filter>
    </ClInclude>
  </ItemGroup>
  <ItemGroup>
    <ClCompile Include="source\utils.c">
      <Filter>Source Files</Filter>
    </ClCompile>
    <ClCompile Include="source\sha256.c">
      <Filter>Source Files</Filter>
    </ClCompile>
    <ClCompile Include="source\aes_decrypt.c">
      <Filter>Source Files</Filter>
    </ClCompile>
    <ClCompile Include="source\aes_encrypt.c">
      <Filter>Source Files</Filter>
    </ClCompile>
    <ClCompile Include="source\hmac.c">
      <Filter>Source Files</Filter>
    </ClCompile>
    <ClCompile Include="source\hmac_prng.c">
      <Filter>Source Files</Filter>
    </ClCompile>
    <ClCompile Include="source\cbc_mode.c">
      <Filter>Source Files</Filter>
    </ClCompile>
    <ClCompile Include="source\ccm_mode.c">
      <Filter>Source Files</Filter>
    </ClCompile>
    <ClCompile Include="source\cmac_mode.c">
      <Filter>Source Files</Filter>
    </ClCompile>
    <ClCompile Include="source\ctr_mode.c">
      <Filter>Source Files</Filter>
    </ClCompile>
  </ItemGroup>
</Project>