<?xml version="1.0" encoding="utf-8"?>
<Project ToolsVersion="4.0" xmlns="http://schemas.microsoft.com/developer/msbuild/2003">
  <ItemGroup>
    <Filter Include="Generated Files">
      <UniqueIdentifier>{f6f252ae-e229-4fd0-be79-13f1dc19ddaa}</UniqueIdentifier>
    </Filter>
    <Filter Include="Source Files">
      <UniqueIdentifier>{22382622-a43c-4a3d-8d7a-8626b632f0de}</UniqueIdentifier>
      <Extensions>cpp;c;edl;def; .. and other options</Extensions>
    </Filter>
    <Filter Include="Header Files">
      <UniqueIdentifier>{509ecad7-be75-450b-ae05-06094260391d}</UniqueIdentifier>
      <Extensions>h;hpp; .. and other options</Extensions>
    </Filter>
    <Filter Include="Resource Files">
      <UniqueIdentifier>{9d4fcbb1-4b50-4998-b851-ddc888e41844}</UniqueIdentifier>
      <Extensions>rc;xml;pem; .. and other options</Extensions>
    </Filter>
  </ItemGroup>
  <ItemGroup>
    <ClInclude Include="include\tinycrypt\aes.h">
      <Filter>Header Files</Filter>
    </ClInclude>
    <ClInclude Include="include\tinycrypt\cbc_mode.h">
      <Filter>Header Files</Filter>
    </ClInclude>
    <ClInclude Include="include\tinycrypt\ccm_mode.h">
      <Filter>Header Files</Filter>
    </ClInclude>
    <ClInclude Include="include\tinycrypt\cmac_mode.h">
      <Filter>Header Files</Filter>
    </ClInclude>
    <ClInclude Include="include\tinycrypt\constants.h">
      <Filter>Header Files</Filter>
    </ClInclude>
    <ClInclude Include="include\tinycrypt\ctr_mode.h">
      <Filter>Header Files</Filter>
    </ClInclude>
    <ClInclude Include="include\tinycrypt\ctr_prng.h">
      <Filter>Header Files</Filter>
    </ClInclude>
    <ClInclude Include="include\tinycrypt\ecc.h">
      <Filter>Header Files</Filter>
    </ClInclude>
    <ClInclude Include="include\tinycrypt\ecc_dh.h">
      <Filter>Header Files</Filter>
    </ClInclude>
    <ClInclude Include="include\tinycrypt\ecc_dsa.h">
      <Filter>Header Files</Filter>
    </ClInclude>
    <ClInclude Include="include\tinycrypt\hmac.h">
      <Filter>Header Files</Filter>
    </ClInclude>
    <ClInclude Include="include\tinycrypt\hmac_prng.h">
      <Filter>Header Files</Filter>
    </ClInclude>
    <ClInclude Include="include\tinycrypt\sha256.h">
      <Filter>Header Files</Filter>
    </ClInclude>
    <ClInclude Include="include\tinycrypt\utils.h">
      <Filter>Header Files</Filter>
    </ClInclude>
  </ItemGroup>
  <ItemGroup>
    <ClCompile Include="source\aes_decrypt.c">
      <Filter>Source Files</Filter>
    </ClCompile>
    <ClCompile Include="source\aes_encrypt.c">
      <Filter>Source Files</Filter>
    </ClCompile>
    <ClCompile Include="source\cbc_mode.c">
      <Filter>Source Files</Filter>
    </ClCompile>
    <ClCompile Include="source\ccm_mode.c">
      <Filter>Source Files</Filter>
    </ClCompile>
    <ClCompile Include="source\cmac_mode.c">
      <Filter>Source Files</Filter>
    </ClCompile>
    <ClCompile Include="source\ctr_mode.c">
      <Filter>Source Files</Filter>
    </ClCompile>
    <ClCompile Include="source\ctr_prng.c">
      <Filter>Source Files</Filter>
    </ClCompile>
    <ClCompile Include="source\ecc.c">
      <Filter>Source Files</Filter>
    </ClCompile>
    <ClCompile Include="source\ecc_dh.c">
      <Filter>Source Files</Filter>
    </ClCompile>
    <ClCompile Include="source\ecc_dsa.c">
      <Filter>Source Files</Filter>
    </ClCompile>
    <ClCompile Include="source\hmac.c">
      <Filter>Source Files</Filter>
    </ClCompile>
    <ClCompile Include="source\hmac_prng.c">
      <Filter>Source Files</Filter>
    </ClCompile>
    <ClCompile Include="source\sha256.c">
      <Filter>Source Files</Filter>
    </ClCompile>
    <ClCompile Include="source\utils.c">
      <Filter>Source Files</Filter>
    </ClCompile>
  </ItemGroup>
</Project>